{
  "version": 1,
  "dependencies": {
    "net10.0-windows7.0": {
      "DalamudPackager": {
        "type": "Direct",
        "requested": "[15.0.0, )",
        "resolved": "15.0.0",
        "contentHash": "411vwC8/X8Z/sQ2TI6v3SvOn66xFPeOjFn3Zn+h0d3Ox2t1kFm66AhDvmx/qcMwVrR+Hidxj0dadpQ2dgyXMBQ=="
      },
      "DotNet.ReproducibleBuilds": {
        "type": "Direct",
        "requested": "[1.2.39, )",
        "resolved": "1.2.39",
        "contentHash": "fcFN01tDTIQqDuTwr1jUQK/geofiwjG5DycJQOnC72i1SsLAk1ELe+apBOuZ11UMQG8YKFZG1FgvjZPbqHyatg=="
      },
      "Microsoft.CognitiveServices.Speech": {
        "type": "Direct",
        "requested": "[1.45.0, )",
        "resolved": "1.45.0",
        "contentHash": "F9HmxEBXjQNgVs/HoSv/tVhepmNKPvip7DVXa5N7oOCfhQMUj1T4aP/lCxyHTz43ifJpLsBOUo3lkYvqS6xjgw==",
        "dependencies": {
          "Azure.Core": "1.44.1"
        }
      },
      "System.Windows.Extensions": {
        "type": "Direct",
        "requested": "[9.0.0, )",
        "resolved": "9.0.0",
        "contentHash": "U9msthvnH2Fsw7xwAvIhNHOdnIjOQTwOc8Vd0oGOsiRcGMGoBFlUD6qtYawRUoQdKH9ysxesZ9juFElt1Jw/7A=="
      },
      "Azure.Core": {
        "type": "Transitive",
        "resolved": "1.44.1",
        "contentHash": "YyznXLQZCregzHvioip07/BkzjuWNXogJEVz9T5W6TwjNr17ax41YGzYMptlo2G10oLCuVPoyva62y0SIRDixg==",
        "dependencies": {
          "Microsoft.Bcl.AsyncInterfaces": "6.0.0",
          "System.ClientModel": "1.1.0",
          "System.Memory.Data": "6.0.0"
        }
      },
      "Microsoft.Bcl.AsyncInterfaces": {
        "type": "Transitive",
        "resolved": "6.0.0",
        "contentHash": "UcSjPsst+DfAdJGVDsu346FX0ci0ah+lw3WRtn18NUwEqRt70HaOQ7lI72vy3+1LxtqI3T5GWwV39rQSrCzAeg=="
      },
      "System.ClientModel": {
        "type": "Transitive",
        "resolved": "1.1.0",
        "contentHash": "UocOlCkxLZrG2CKMAAImPcldJTxeesHnHGHwhJ0pNlZEvEXcWKuQvVOER2/NiOkJGRJk978SNdw3j6/7O9H1lg==",
        "dependencies": {
          "System.Memory.Data": "1.0.2"
        }
      },
      "System.Memory.Data": {
        "type": "Transitive",
        "resolved": "6.0.0",
        "contentHash": "ntFHArH3I4Lpjf5m4DCXQHJuGwWPNVJPaAvM95Jy/u+2Yzt2ryiyIN04LAogkjP9DeRcEOiviAjQotfmPq/FrQ=="
      }
    }
  }
}